
Microsoft Visual Studio Solution File, Format Version 12.00
# Visual Studio Version 17
VisualStudioVersion = 17.10.35013.160
MinimumVisualStudioVersion = 10.0.40219.1
Project("{9A19103F-16F7-4668-BE54-9A1E7A4F7556}") = "DataAccess", "DataAccess\DataAccess.csproj", "{4683E148-7F51-4E1C-8B91-104AF5058A4B}"
EndProject
Project("{9A19103F-16F7-4668-BE54-9A1E7A4F7556}") = "Business", "Business\Business.csproj", "{C8AB48AF-767B-4A77-9BC8-4949F2CE08A9}"
EndProject
Project("{9A19103F-16F7-4668-BE54-9A1E7A4F7556}") = "Entities", "Entities\Entities.csproj", "{0C45DD0F-EA77-48BD-AAF9-05F196EA6A2A}"
EndProject
Project("{9A19103F-16F7-4668-BE54-9A1E7A4F7556}") = "Core", "Core\Core.csproj", "{27AA4D9C-58E4-49F7-BCDB-2214CFE23391}"
EndProject
Project("{9A19103F-16F7-4668-BE54-9A1E7A4F7556}") = "WebAPI", "WebAPI\WebAPI.csproj", "{36EBDD51-0AE2-4556-9959-412182339293}"
EndProject
Global
	GlobalSection(SolutionConfigurationPlatforms) = preSolution
		Debug|Any CPU = Debug|Any CPU
		Release|Any CPU = Release|Any CPU
	EndGlobalSection
	GlobalSection(ProjectConfigurationPlatforms) = postSolution
		{4683E148-7F51-4E1C-8B91-104AF5058A4B}.Debug|Any CPU.ActiveCfg = Debug|Any CPU
		{4683E148-7F51-4E1C-8B91-104AF5058A4B}.Debug|Any CPU.Build.0 = Debug|Any CPU
		{4683E148-7F51-4E1C-8B91-104AF5058A4B}.Release|Any CPU.ActiveCfg = Release|Any CPU
		{4683E148-7F51-4E1C-8B91-104AF5058A4B}.Release|Any CPU.Build.0 = Release|Any CPU
		{C8AB48AF-767B-4A77-9BC8-4949F2CE08A9}.Debug|Any CPU.ActiveCfg = Debug|Any CPU
		{C8AB48AF-767B-4A77-9BC8-4949F2CE08A9}.Debug|Any CPU.Build.0 = Debug|Any CPU
		{C8AB48AF-767B-4A77-9BC8-4949F2CE08A9}.Release|Any CPU.ActiveCfg = Release|Any CPU
		{C8AB48AF-767B-4A77-9BC8-4949F2CE08A9}.Release|Any CPU.Build.0 = Release|Any CPU
		{0C45DD0F-EA77-48BD-AAF9-05F196EA6A2A}.Debug|Any CPU.ActiveCfg = Debug|Any CPU
		{0C45DD0F-EA77-48BD-AAF9-05F196EA6A2A}.Debug|Any CPU.Build.0 = Debug|Any CPU
		{0C45DD0F-EA77-48BD-AAF9-05F196EA6A2A}.Release|Any CPU.ActiveCfg = Release|Any CPU
		{0C45DD0F-EA77-48BD-AAF9-05F196EA6A2A}.Release|Any CPU.Build.0 = Release|Any CPU
		{27AA4D9C-58E4-49F7-BCDB-2214CFE23391}.Debug|Any CPU.ActiveCfg = Debug|Any CPU
		{27AA4D9C-58E4-49F7-BCDB-2214CFE23391}.Debug|Any CPU.Build.0 = Debug|Any CPU
		{27AA4D9C-58E4-49F7-BCDB-2214CFE23391}.Release|Any CPU.ActiveCfg = Release|Any CPU
		{27AA4D9C-58E4-49F7-BCDB-2214CFE23391}.Release|Any CPU.Build.0 = Release|Any CPU
		{36EBDD51-0AE2-4556-9959-412182339293}.Debug|Any CPU.ActiveCfg = Debug|Any CPU
		{36EBDD51-0AE2-4556-9959-412182339293}.Debug|Any CPU.Build.0 = Debug|Any CPU
		{36EBDD51-0AE2-4556-9959-412182339293}.Release|Any CPU.ActiveCfg = Release|Any CPU
		{36EBDD51-0AE2-4556-9959-412182339293}.Release|Any CPU.Build.0 = Release|Any CPU
	EndGlobalSection
	GlobalSection(SolutionProperties) = preSolution
		HideSolutionNode = FALSE
	EndGlobalSection
	GlobalSection(ExtensibilityGlobals) = postSolution
		SolutionGuid = {91C8392F-ABE1-4B8B-8D54-CE5069A92BA1}
	EndGlobalSection
EndGlobal
